
Microsoft Visual Studio Solution File, Format Version 12.00
# Visual Studio 15
VisualStudioVersion = 15.0.28307.271
MinimumVisualStudioVersion = 10.0.40219.1
Project("{FAE04EC0-301F-11D3-BF4B-00C04F79EFBC}") = "Task 3", "Task 3\Task 3.csproj", "{73D07035-1EC1-4BFB-B6E8-6E6E39DB3B2E}"
EndProject
Global
	GlobalSection(SolutionConfigurationPlatforms) = preSolution
		Debug|Any CPU = Debug|Any CPU
		Release|Any CPU = Release|Any CPU
	EndGlobalSection
	GlobalSection(ProjectConfigurationPlatforms) = postSolution
		{73D07035-1EC1-4BFB-B6E8-6E6E39DB3B2E}.Debug|Any CPU.ActiveCfg = Debug|Any CPU
		{73D07035-1EC1-4BFB-B6E8-6E6E39DB3B2E}.Debug|Any CPU.Build.0 = Debug|Any CPU
		{73D07035-1EC1-4BFB-B6E8-6E6E39DB3B2E}.Release|Any CPU.ActiveCfg = Release|Any CPU
		{73D07035-1EC1-4BFB-B6E8-6E6E39DB3B2E}.Release|Any CPU.Build.0 = Release|Any CPU
	EndGlobalSection
	GlobalSection(SolutionProperties) = preSolution
		HideSolutionNode = FALSE
	EndGlobalSection
	GlobalSection(ExtensibilityGlobals) = postSolution
		SolutionGuid = {969AC8B8-078A-438E-A565-F0AA1E1C6753}
	EndGlobalSection
EndGlobal
